
Microsoft Visual Studio Solution File, Format Version 12.00
# Visual Studio Version 17
VisualStudioVersion = 17.0.31903.59
MinimumVisualStudioVersion = 10.0.40219.1
Project("{FAE04EC0-301F-11D3-BF4B-00C04F79EFBC}") = "API", "API\API.csproj", "{292FDCEA-E2F9-40FC-BBEA-99118E06F6CD}"
EndProject
Project("{FAE04EC0-301F-11D3-BF4B-00C04F79EFBC}") = "Core", "core\Core.csproj", "{65EDED3C-304C-45AA-9131-537EB3177731}"
EndProject
Project("{FAE04EC0-301F-11D3-BF4B-00C04F79EFBC}") = "Infrastructure", "Infrastructure\Infrastructure.csproj", "{1846726E-4041-4097-A47D-29C27198BFC6}"
EndProject
Global
	GlobalSection(SolutionConfigurationPlatforms) = preSolution
		Debug|Any CPU = Debug|Any CPU
		Release|Any CPU = Release|Any CPU
	EndGlobalSection
	GlobalSection(SolutionProperties) = preSolution
		HideSolutionNode = FALSE
	EndGlobalSection
	GlobalSection(ProjectConfigurationPlatforms) = postSolution
		{292FDCEA-E2F9-40FC-BBEA-99118E06F6CD}.Debug|Any CPU.ActiveCfg = Debug|Any CPU
		{292FDCEA-E2F9-40FC-BBEA-99118E06F6CD}.Debug|Any CPU.Build.0 = Debug|Any CPU
		{292FDCEA-E2F9-40FC-BBEA-99118E06F6CD}.Release|Any CPU.ActiveCfg = Release|Any CPU
		{292FDCEA-E2F9-40FC-BBEA-99118E06F6CD}.Release|Any CPU.Build.0 = Release|Any CPU
		{65EDED3C-304C-45AA-9131-537EB3177731}.Debug|Any CPU.ActiveCfg = Debug|Any CPU
		{65EDED3C-304C-45AA-9131-537EB3177731}.Debug|Any CPU.Build.0 = Debug|Any CPU
		{65EDED3C-304C-45AA-9131-537EB3177731}.Release|Any CPU.ActiveCfg = Release|Any CPU
		{65EDED3C-304C-45AA-9131-537EB3177731}.Release|Any CPU.Build.0 = Release|Any CPU
		{1846726E-4041-4097-A47D-29C27198BFC6}.Debug|Any CPU.ActiveCfg = Debug|Any CPU
		{1846726E-4041-4097-A47D-29C27198BFC6}.Debug|Any CPU.Build.0 = Debug|Any CPU
		{1846726E-4041-4097-A47D-29C27198BFC6}.Release|Any CPU.ActiveCfg = Release|Any CPU
		{1846726E-4041-4097-A47D-29C27198BFC6}.Release|Any CPU.Build.0 = Release|Any CPU
	EndGlobalSection
EndGlobal
